
Microsoft Visual Studio Solution File, Format Version 12.00
# Visual Studio Version 17
VisualStudioVersion = 17.4.33403.182
MinimumVisualStudioVersion = 10.0.40219.1
Project("{FAE04EC0-301F-11D3-BF4B-00C04F79EFBC}") = "MiniTestCode", "MiniTestCode\MiniTestCode.csproj", "{49541649-6062-49B4-9A85-31A09E83A47D}"
EndProject
Project("{FAE04EC0-301F-11D3-BF4B-00C04F79EFBC}") = "MiniTestCodeTests", "MiniTestCodeTests\MiniTestCodeTests.csproj", "{E1E8DE59-46F3-46FB-B89E-D1FB418E514B}"
EndProject
Project("{FAE04EC0-301F-11D3-BF4B-00C04F79EFBC}") = "MiniTestApp", "MiniTestApp\MiniTestApp.csproj", "{9BFEAEBC-8C2A-4E21-A1FB-9E0EC2ACFFA3}"
EndProject
Global
	GlobalSection(SolutionConfigurationPlatforms) = preSolution
		Debug|Any CPU = Debug|Any CPU
		Release|Any CPU = Release|Any CPU
	EndGlobalSection
	GlobalSection(ProjectConfigurationPlatforms) = postSolution
		{49541649-6062-49B4-9A85-31A09E83A47D}.Debug|Any CPU.ActiveCfg = Debug|Any CPU
		{49541649-6062-49B4-9A85-31A09E83A47D}.Debug|Any CPU.Build.0 = Debug|Any CPU
		{49541649-6062-49B4-9A85-31A09E83A47D}.Release|Any CPU.ActiveCfg = Release|Any CPU
		{49541649-6062-49B4-9A85-31A09E83A47D}.Release|Any CPU.Build.0 = Release|Any CPU
		{E1E8DE59-46F3-46FB-B89E-D1FB418E514B}.Debug|Any CPU.ActiveCfg = Debug|Any CPU
		{E1E8DE59-46F3-46FB-B89E-D1FB418E514B}.Debug|Any CPU.Build.0 = Debug|Any CPU
		{E1E8DE59-46F3-46FB-B89E-D1FB418E514B}.Release|Any CPU.ActiveCfg = Release|Any CPU
		{E1E8DE59-46F3-46FB-B89E-D1FB418E514B}.Release|Any CPU.Build.0 = Release|Any CPU
		{9BFEAEBC-8C2A-4E21-A1FB-9E0EC2ACFFA3}.Debug|Any CPU.ActiveCfg = Debug|Any CPU
		{9BFEAEBC-8C2A-4E21-A1FB-9E0EC2ACFFA3}.Debug|Any CPU.Build.0 = Debug|Any CPU
		{9BFEAEBC-8C2A-4E21-A1FB-9E0EC2ACFFA3}.Release|Any CPU.ActiveCfg = Release|Any CPU
		{9BFEAEBC-8C2A-4E21-A1FB-9E0EC2ACFFA3}.Release|Any CPU.Build.0 = Release|Any CPU
	EndGlobalSection
	GlobalSection(SolutionProperties) = preSolution
		HideSolutionNode = FALSE
	EndGlobalSection
	GlobalSection(ExtensibilityGlobals) = postSolution
		SolutionGuid = {667CCD67-A556-4BC9-BEA9-71C5A018D7F7}
	EndGlobalSection
EndGlobal
